
Microsoft Visual Studio Solution File, Format Version 12.00
# Visual Studio 14
VisualStudioVersion = 14.0.23107.0
MinimumVisualStudioVersion = 10.0.40219.1
Project("{2150E333-8FDC-42A3-9474-1A3956D46DE8}") = "UI", "UI", "{5AA642B8-86EA-4AB8-86A5-96499239A004}"
EndProject
Project("{2150E333-8FDC-42A3-9474-1A3956D46DE8}") = "Core", "Core", "{B3E4F03D-794E-4ECF-AA20-4E8CB6D9E967}"
EndProject
Project("{2150E333-8FDC-42A3-9474-1A3956D46DE8}") = "Person", "Person", "{214D9F72-155E-459B-892C-29414C541DBD}"
EndProject
Project("{2150E333-8FDC-42A3-9474-1A3956D46DE8}") = "Schedule", "Schedule", "{F2766991-22D2-47B5-89F9-AF98C9D32EA7}"
EndProject
Project("{2150E333-8FDC-42A3-9474-1A3956D46DE8}") = "API", "API", "{B8E4B10E-6A9B-4617-9E3B-9E926F928FB9}"
EndProject
Project("{2150E333-8FDC-42A3-9474-1A3956D46DE8}") = "Model", "Model", "{30AAA0FF-91E6-4752-8E97-5EAD9B4803FA}"
EndProject
Project("{2150E333-8FDC-42A3-9474-1A3956D46DE8}") = "Tests", "Tests", "{8F0FC1DD-B79E-41DE-8F10-89A7DB02C415}"
EndProject
Project("{2150E333-8FDC-42A3-9474-1A3956D46DE8}") = "Repository", "Repository", "{87288372-2C54-49DC-9B45-52F3B187CA98}"
EndProject
Project("{FAE04EC0-301F-11D3-BF4B-00C04F79EFBC}") = "IkeCode.Core", "Core\IkeCode.Core\IkeCode.Core.csproj", "{9BD498EF-5778-405C-B4E5-1A5ADB39FA32}"
EndProject
Project("{FAE04EC0-301F-11D3-BF4B-00C04F79EFBC}") = "IkeCode.Web.Core", "Core\IkeCode.Web.Core\IkeCode.Web.Core.csproj", "{2E7DC5E8-7418-4FCC-B85F-DA71DE1FD714}"
EndProject
Project("{2150E333-8FDC-42A3-9474-1A3956D46DE8}") = "API", "API", "{CCE72C91-CF91-412C-92E7-C32E679F5292}"
EndProject
Project("{2150E333-8FDC-42A3-9474-1A3956D46DE8}") = "Model", "Model", "{BD06A1C5-0A7F-46F5-9863-B38C00805ED5}"
EndProject
Project("{2150E333-8FDC-42A3-9474-1A3956D46DE8}") = "Tests", "Tests", "{111C165A-1BCA-49C9-AE4F-32D8DD28CD93}"
EndProject
Project("{2150E333-8FDC-42A3-9474-1A3956D46DE8}") = "Repository", "Repository", "{12FFB017-C06F-413A-A944-66501D92A56D}"
EndProject
Project("{FAE04EC0-301F-11D3-BF4B-00C04F79EFBC}") = "IkeCode.Data.Core", "Core\IkeCode.Data.Core\IkeCode.Data.Core.csproj", "{EC3ADD94-5E1D-4A5F-BE06-788AC6C0E252}"
EndProject
Project("{FAE04EC0-301F-11D3-BF4B-00C04F79EFBC}") = "IkeCode.Clinike.Person.Model", "Person\IkeCode.Clinike.Person.Model\IkeCode.Clinike.Person.Model.csproj", "{42E58B85-3CC5-41A5-B016-C96A2D295D26}"
EndProject
Project("{FAE04EC0-301F-11D3-BF4B-00C04F79EFBC}") = "IkeCode.Clinike.Person.Repository.MySql", "Person\IkeCode.Clinike.Person.Repository.MySql\IkeCode.Clinike.Person.Repository.MySql.csproj", "{354176EA-93FB-4A0A-B7B8-D497F3A71B5C}"
EndProject
Project("{FAE04EC0-301F-11D3-BF4B-00C04F79EFBC}") = "IkeCode.Clinike.Person.Tests", "Person\IkeCode.Clinike.Person.Tests\IkeCode.Clinike.Person.Tests.csproj", "{77EE0462-BBCB-4F4F-BC46-75B8620AA1E3}"
EndProject
Project("{FAE04EC0-301F-11D3-BF4B-00C04F79EFBC}") = "IkeCode.Clinike.Person.Api", "Person\IkeCode.Clinike.Person.Api\IkeCode.Clinike.Person.Api.csproj", "{73F60A2A-E159-4725-80AA-141A30596DAB}"
EndProject
Global
	GlobalSection(SolutionConfigurationPlatforms) = preSolution
		Debug|Any CPU = Debug|Any CPU
		Release|Any CPU = Release|Any CPU
	EndGlobalSection
	GlobalSection(ProjectConfigurationPlatforms) = postSolution
		{9BD498EF-5778-405C-B4E5-1A5ADB39FA32}.Debug|Any CPU.ActiveCfg = Debug|Any CPU
		{9BD498EF-5778-405C-B4E5-1A5ADB39FA32}.Debug|Any CPU.Build.0 = Debug|Any CPU
		{9BD498EF-5778-405C-B4E5-1A5ADB39FA32}.Release|Any CPU.ActiveCfg = Release|Any CPU
		{9BD498EF-5778-405C-B4E5-1A5ADB39FA32}.Release|Any CPU.Build.0 = Release|Any CPU
		{2E7DC5E8-7418-4FCC-B85F-DA71DE1FD714}.Debug|Any CPU.ActiveCfg = Debug|Any CPU
		{2E7DC5E8-7418-4FCC-B85F-DA71DE1FD714}.Debug|Any CPU.Build.0 = Debug|Any CPU
		{2E7DC5E8-7418-4FCC-B85F-DA71DE1FD714}.Release|Any CPU.ActiveCfg = Release|Any CPU
		{2E7DC5E8-7418-4FCC-B85F-DA71DE1FD714}.Release|Any CPU.Build.0 = Release|Any CPU
		{EC3ADD94-5E1D-4A5F-BE06-788AC6C0E252}.Debug|Any CPU.ActiveCfg = Debug|Any CPU
		{EC3ADD94-5E1D-4A5F-BE06-788AC6C0E252}.Debug|Any CPU.Build.0 = Debug|Any CPU
		{EC3ADD94-5E1D-4A5F-BE06-788AC6C0E252}.Release|Any CPU.ActiveCfg = Release|Any CPU
		{EC3ADD94-5E1D-4A5F-BE06-788AC6C0E252}.Release|Any CPU.Build.0 = Release|Any CPU
		{42E58B85-3CC5-41A5-B016-C96A2D295D26}.Debug|Any CPU.ActiveCfg = Debug|Any CPU
		{42E58B85-3CC5-41A5-B016-C96A2D295D26}.Debug|Any CPU.Build.0 = Debug|Any CPU
		{42E58B85-3CC5-41A5-B016-C96A2D295D26}.Release|Any CPU.ActiveCfg = Release|Any CPU
		{42E58B85-3CC5-41A5-B016-C96A2D295D26}.Release|Any CPU.Build.0 = Release|Any CPU
		{354176EA-93FB-4A0A-B7B8-D497F3A71B5C}.Debug|Any CPU.ActiveCfg = Debug|Any CPU
		{354176EA-93FB-4A0A-B7B8-D497F3A71B5C}.Debug|Any CPU.Build.0 = Debug|Any CPU
		{354176EA-93FB-4A0A-B7B8-D497F3A71B5C}.Release|Any CPU.ActiveCfg = Release|Any CPU
		{354176EA-93FB-4A0A-B7B8-D497F3A71B5C}.Release|Any CPU.Build.0 = Release|Any CPU
		{77EE0462-BBCB-4F4F-BC46-75B8620AA1E3}.Debug|Any CPU.ActiveCfg = Debug|Any CPU
		{77EE0462-BBCB-4F4F-BC46-75B8620AA1E3}.Debug|Any CPU.Build.0 = Debug|Any CPU
		{77EE0462-BBCB-4F4F-BC46-75B8620AA1E3}.Release|Any CPU.ActiveCfg = Release|Any CPU
		{77EE0462-BBCB-4F4F-BC46-75B8620AA1E3}.Release|Any CPU.Build.0 = Release|Any CPU
		{73F60A2A-E159-4725-80AA-141A30596DAB}.Debug|Any CPU.ActiveCfg = Debug|Any CPU
		{73F60A2A-E159-4725-80AA-141A30596DAB}.Debug|Any CPU.Build.0 = Debug|Any CPU
		{73F60A2A-E159-4725-80AA-141A30596DAB}.Release|Any CPU.ActiveCfg = Release|Any CPU
		{73F60A2A-E159-4725-80AA-141A30596DAB}.Release|Any CPU.Build.0 = Release|Any CPU
	EndGlobalSection
	GlobalSection(SolutionProperties) = preSolution
		HideSolutionNode = FALSE
	EndGlobalSection
	GlobalSection(NestedProjects) = preSolution
		{B8E4B10E-6A9B-4617-9E3B-9E926F928FB9} = {214D9F72-155E-459B-892C-29414C541DBD}
		{30AAA0FF-91E6-4752-8E97-5EAD9B4803FA} = {214D9F72-155E-459B-892C-29414C541DBD}
		{8F0FC1DD-B79E-41DE-8F10-89A7DB02C415} = {214D9F72-155E-459B-892C-29414C541DBD}
		{87288372-2C54-49DC-9B45-52F3B187CA98} = {214D9F72-155E-459B-892C-29414C541DBD}
		{9BD498EF-5778-405C-B4E5-1A5ADB39FA32} = {B3E4F03D-794E-4ECF-AA20-4E8CB6D9E967}
		{2E7DC5E8-7418-4FCC-B85F-DA71DE1FD714} = {B3E4F03D-794E-4ECF-AA20-4E8CB6D9E967}
		{CCE72C91-CF91-412C-92E7-C32E679F5292} = {F2766991-22D2-47B5-89F9-AF98C9D32EA7}
		{BD06A1C5-0A7F-46F5-9863-B38C00805ED5} = {F2766991-22D2-47B5-89F9-AF98C9D32EA7}
		{111C165A-1BCA-49C9-AE4F-32D8DD28CD93} = {F2766991-22D2-47B5-89F9-AF98C9D32EA7}
		{12FFB017-C06F-413A-A944-66501D92A56D} = {F2766991-22D2-47B5-89F9-AF98C9D32EA7}
		{EC3ADD94-5E1D-4A5F-BE06-788AC6C0E252} = {B3E4F03D-794E-4ECF-AA20-4E8CB6D9E967}
		{42E58B85-3CC5-41A5-B016-C96A2D295D26} = {30AAA0FF-91E6-4752-8E97-5EAD9B4803FA}
		{354176EA-93FB-4A0A-B7B8-D497F3A71B5C} = {87288372-2C54-49DC-9B45-52F3B187CA98}
		{77EE0462-BBCB-4F4F-BC46-75B8620AA1E3} = {8F0FC1DD-B79E-41DE-8F10-89A7DB02C415}
		{73F60A2A-E159-4725-80AA-141A30596DAB} = {B8E4B10E-6A9B-4617-9E3B-9E926F928FB9}
	EndGlobalSection
EndGlobal
